
Microsoft Visual Studio Solution File, Format Version 12.00
# Visual Studio 15
VisualStudioVersion = 15.0.27703.2035
MinimumVisualStudioVersion = 10.0.40219.1
Project("{DA7A21FA-8162-4350-AD77-A8D1B671F3ED}") = "RProject1", "RProject1\RProject1.rxproj", "{AEAEA60F-5989-4AF6-9C67-0241D43A3A51}"
EndProject
Global
	GlobalSection(SolutionConfigurationPlatforms) = preSolution
		Debug|Any CPU = Debug|Any CPU
		Release|Any CPU = Release|Any CPU
	EndGlobalSection
	GlobalSection(ProjectConfigurationPlatforms) = postSolution
		{AEAEA60F-5989-4AF6-9C67-0241D43A3A51}.Debug|Any CPU.ActiveCfg = Debug|Any CPU
		{AEAEA60F-5989-4AF6-9C67-0241D43A3A51}.Debug|Any CPU.Build.0 = Debug|Any CPU
		{AEAEA60F-5989-4AF6-9C67-0241D43A3A51}.Release|Any CPU.ActiveCfg = Release|Any CPU
		{AEAEA60F-5989-4AF6-9C67-0241D43A3A51}.Release|Any CPU.Build.0 = Release|Any CPU
	EndGlobalSection
	GlobalSection(SolutionProperties) = preSolution
		HideSolutionNode = FALSE
	EndGlobalSection
	GlobalSection(ExtensibilityGlobals) = postSolution
		SolutionGuid = {9E3E18F3-C04B-4907-9E1F-CE228FFAB6C0}
	EndGlobalSection
EndGlobal
